Microsoft Visual Studio Solution File, Format Version 12.00
# Visual Studio Version 17
VisualStudioVersion = 17.5.2.0
MinimumVisualStudioVersion = 10.0.40219.1
Project("{FAE04EC0-301F-11D3-BF4B-00C04F79EFBC}") = "CollabVMBot", "CollabVMBot.csproj", "{C507A19E-23C1-3F57-5B04-39A894DECDB9}"
EndProject
Global
	GlobalSection(SolutionConfigurationPlatforms) = preSolution
		Debug|Any CPU = Debug|Any CPU
		Release|Any CPU = Release|Any CPU
	EndGlobalSection
	GlobalSection(ProjectConfigurationPlatforms) = postSolution
		{C507A19E-23C1-3F57-5B04-39A894DECDB9}.Debug|Any CPU.ActiveCfg = Debug|Any CPU
		{C507A19E-23C1-3F57-5B04-39A894DECDB9}.Debug|Any CPU.Build.0 = Debug|Any CPU
		{C507A19E-23C1-3F57-5B04-39A894DECDB9}.Release|Any CPU.ActiveCfg = Release|Any CPU
		{C507A19E-23C1-3F57-5B04-39A894DECDB9}.Release|Any CPU.Build.0 = Release|Any CPU
	EndGlobalSection
	GlobalSection(SolutionProperties) = preSolution
		HideSolutionNode = FALSE
	EndGlobalSection
	GlobalSection(ExtensibilityGlobals) = postSolution
		SolutionGuid = {AA4A35D7-66D2-473E-B12F-611E33CF7A97}
	EndGlobalSection
EndGlobal
